
Microsoft Visual Studio Solution File, Format Version 12.00
# Visual Studio Version 16
VisualStudioVersion = 16.0.31205.134
MinimumVisualStudioVersion = 10.0.40219.1
Project("{FAE04EC0-301F-11D3-BF4B-00C04F79EFBC}") = "DharaniScaper", "DharaniScaper\DharaniScaper.csproj", "{5F0EAEBA-077A-415A-835B-F03F23572D69}"
EndProject
Global
	GlobalSection(SolutionConfigurationPlatforms) = preSolution
		Debug|Any CPU = Debug|Any CPU
		Release|Any CPU = Release|Any CPU
	EndGlobalSection
	GlobalSection(ProjectConfigurationPlatforms) = postSolution
		{5F0EAEBA-077A-415A-835B-F03F23572D69}.Debug|Any CPU.ActiveCfg = Debug|Any CPU
		{5F0EAEBA-077A-415A-835B-F03F23572D69}.Debug|Any CPU.Build.0 = Debug|Any CPU
		{5F0EAEBA-077A-415A-835B-F03F23572D69}.Release|Any CPU.ActiveCfg = Release|Any CPU
		{5F0EAEBA-077A-415A-835B-F03F23572D69}.Release|Any CPU.Build.0 = Release|Any CPU
	EndGlobalSection
	GlobalSection(SolutionProperties) = preSolution
		HideSolutionNode = FALSE
	EndGlobalSection
	GlobalSection(ExtensibilityGlobals) = postSolution
		SolutionGuid = {75BF1392-D68B-4571-BB38-5B6466925855}
	EndGlobalSection
EndGlobal
